
Microsoft Visual Studio Solution File, Format Version 12.00
# Visual Studio Version 16
VisualStudioVersion = 16.0.31005.135
MinimumVisualStudioVersion = 10.0.40219.1
Project("{9A19103F-16F7-4668-BE54-9A1E7A4F7556}") = "Fitness", "Fitness.csproj", "{9938AB20-7791-46F9-BF10-08091B8C8A1D}"
EndProject
Global
	GlobalSection(SolutionConfigurationPlatforms) = preSolution
		Debug|Any CPU = Debug|Any CPU
		Release|Any CPU = Release|Any CPU
	EndGlobalSection
	GlobalSection(ProjectConfigurationPlatforms) = postSolution
		{9938AB20-7791-46F9-BF10-08091B8C8A1D}.Debug|Any CPU.ActiveCfg = Debug|Any CPU
		{9938AB20-7791-46F9-BF10-08091B8C8A1D}.Debug|Any CPU.Build.0 = Debug|Any CPU
		{9938AB20-7791-46F9-BF10-08091B8C8A1D}.Release|Any CPU.ActiveCfg = Release|Any CPU
		{9938AB20-7791-46F9-BF10-08091B8C8A1D}.Release|Any CPU.Build.0 = Release|Any CPU
	EndGlobalSection
	GlobalSection(SolutionProperties) = preSolution
		HideSolutionNode = FALSE
	EndGlobalSection
	GlobalSection(ExtensibilityGlobals) = postSolution
		SolutionGuid = {52FF9B9C-D602-4ED7-8A3A-AF023106AD14}
	EndGlobalSection
EndGlobal
